# This file is automatically @generated by Cargo.
# It is not intended for manual editing.
version = 4

[[package]]
name = "anima-core"
version = "0.1.0"

[[package]]
name = "anima-daemon"
version = "0.1.0"
dependencies = [
 "anima-core",
 "anima-memory",
 "anima-swarm",
]

[[package]]
name = "anima-memory"
version = "0.1.0"
dependencies = [
 "anima-core",
]

[[package]]
name = "anima-swarm"
version = "0.1.0"
dependencies = [
 "anima-core",
 "anima-memory",
]
